// !$*UTF8*$!
{
	archiveVersion = 1;
	classes = {
	};
	objectVersion = 56;
	objects = {

/* Begin PBXBuildFile section */
		4E00964529DCA19F00362F92 /* DirectoriesList.swift in Sources */ = {isa = PBXBuildFile; fileRef = 4E00964429DCA19F00362F92 /* DirectoriesList.swift */; };
		4E00964929DCD65700362F92 /* fontManager.swift in Sources */ = {isa = PBXBuildFile; fileRef = 4E00964829DCD65700362F92 /* fontManager.swift */; };
		4E00964A29DCD65700362F92 /* fontManager.swift in Sources */ = {isa = PBXBuildFile; fileRef = 4E00964829DCD65700362F92 /* fontManager.swift */; };
		4E00964B29DCD65700362F92 /* fontManager.swift in Sources */ = {isa = PBXBuildFile; fileRef = 4E00964829DCD65700362F92 /* fontManager.swift */; };
		4E00964D29DD2FBF00362F92 /* ClearDefaultsMenuItem.swift in Sources */ = {isa = PBXBuildFile; fileRef = 4E00964C29DD2FBF00362F92 /* ClearDefaultsMenuItem.swift */; };
		4E00964E29DD2FBF00362F92 /* ClearDefaultsMenuItem.swift in Sources */ = {isa = PBXBuildFile; fileRef = 4E00964C29DD2FBF00362F92 /* ClearDefaultsMenuItem.swift */; };
		4E00964F29DD2FBF00362F92 /* ClearDefaultsMenuItem.swift in Sources */ = {isa = PBXBuildFile; fileRef = 4E00964C29DD2FBF00362F92 /* ClearDefaultsMenuItem.swift */; };
		4E00965129DD334900362F92 /* FontDirectoryHelper.swift in Sources */ = {isa = PBXBuildFile; fileRef = 4E00965029DD334900362F92 /* FontDirectoryHelper.swift */; };
		4E00965229DD334900362F92 /* FontDirectoryHelper.swift in Sources */ = {isa = PBXBuildFile; fileRef = 4E00965029DD334900362F92 /* FontDirectoryHelper.swift */; };
		4E00965329DD334900362F92 /* FontDirectoryHelper.swift in Sources */ = {isa = PBXBuildFile; fileRef = 4E00965029DD334900362F92 /* FontDirectoryHelper.swift */; };
		4E00965529DD35F500362F92 /* SidebarView.swift in Sources */ = {isa = PBXBuildFile; fileRef = 4E00965429DD35F500362F92 /* SidebarView.swift */; };
		4E00965629DD35F500362F92 /* SidebarView.swift in Sources */ = {isa = PBXBuildFile; fileRef = 4E00965429DD35F500362F92 /* SidebarView.swift */; };
		4E00965729DD35F500362F92 /* SidebarView.swift in Sources */ = {isa = PBXBuildFile; fileRef = 4E00965429DD35F500362F92 /* SidebarView.swift */; };
		4E00965929DD382D00362F92 /* FontBox.swift in Sources */ = {isa = PBXBuildFile; fileRef = 4E00965829DD382D00362F92 /* FontBox.swift */; };
		4E00965A29DD382D00362F92 /* FontBox.swift in Sources */ = {isa = PBXBuildFile; fileRef = 4E00965829DD382D00362F92 /* FontBox.swift */; };
		4E00965B29DD382D00362F92 /* FontBox.swift in Sources */ = {isa = PBXBuildFile; fileRef = 4E00965829DD382D00362F92 /* FontBox.swift */; };
		4E00965D29DD392B00362F92 /* notifcationSender.swift in Sources */ = {isa = PBXBuildFile; fileRef = 4E00965C29DD392B00362F92 /* notifcationSender.swift */; };
		4E00965E29DD392B00362F92 /* notifcationSender.swift in Sources */ = {isa = PBXBuildFile; fileRef = 4E00965C29DD392B00362F92 /* notifcationSender.swift */; };
		4E00965F29DD392B00362F92 /* notifcationSender.swift in Sources */ = {isa = PBXBuildFile; fileRef = 4E00965C29DD392B00362F92 /* notifcationSender.swift */; };
		4E00966129DD3B0A00362F92 /* Extensions.swift in Sources */ = {isa = PBXBuildFile; fileRef = 4E00966029DD3B0A00362F92 /* Extensions.swift */; };
		4E00966229DD3B0A00362F92 /* Extensions.swift in Sources */ = {isa = PBXBuildFile; fileRef = 4E00966029DD3B0A00362F92 /* Extensions.swift */; };
		4E00966329DD3B0A00362F92 /* Extensions.swift in Sources */ = {isa = PBXBuildFile; fileRef = 4E00966029DD3B0A00362F92 /* Extensions.swift */; };
		4E00966529DD406A00362F92 /* SidebarBindings.swift in Sources */ = {isa = PBXBuildFile; fileRef = 4E00966429DD406A00362F92 /* SidebarBindings.swift */; };
		4E00966629DD406A00362F92 /* SidebarBindings.swift in Sources */ = {isa = PBXBuildFile; fileRef = 4E00966429DD406A00362F92 /* SidebarBindings.swift */; };
		4E00966729DD406A00362F92 /* SidebarBindings.swift in Sources */ = {isa = PBXBuildFile; fileRef = 4E00966429DD406A00362F92 /* SidebarBindings.swift */; };
		4E00966929DD4FEC00362F92 /* configElements.swift in Sources */ = {isa = PBXBuildFile; fileRef = 4E00966829DD4FEC00362F92 /* configElements.swift */; };
		4E00966A29DD4FEC00362F92 /* configElements.swift in Sources */ = {isa = PBXBuildFile; fileRef = 4E00966829DD4FEC00362F92 /* configElements.swift */; };
		4E00966B29DD4FEC00362F92 /* configElements.swift in Sources */ = {isa = PBXBuildFile; fileRef = 4E00966829DD4FEC00362F92 /* configElements.swift */; };
		4E02DEDF29E2115200396369 /* FontListView.swift in Sources */ = {isa = PBXBuildFile; fileRef = 4E02DEDE29E2115200396369 /* FontListView.swift */; };
		4E02DEE029E2115200396369 /* FontListView.swift in Sources */ = {isa = PBXBuildFile; fileRef = 4E02DEDE29E2115200396369 /* FontListView.swift */; };
		4E02DEE129E2115200396369 /* FontListView.swift in Sources */ = {isa = PBXBuildFile; fileRef = 4E02DEDE29E2115200396369 /* FontListView.swift */; };
		4EF0005529DB891A004FAA6B /* ContentView.swift in Sources */ = {isa = PBXBuildFile; fileRef = 4EF0005429DB891A004FAA6B /* ContentView.swift */; };
		4EF0005729DB891B004FAA6B /* Assets.xcassets in Resources */ = {isa = PBXBuildFile; fileRef = 4EF0005629DB891B004FAA6B /* Assets.xcassets */; };
		4EF0005A29DB891B004FAA6B /* Preview Assets.xcassets in Resources */ = {isa = PBXBuildFile; fileRef = 4EF0005929DB891B004FAA6B /* Preview Assets.xcassets */; };
		4EF0006529DB891C004FAA6B /* TypeBoxTests.swift in Sources */ = {isa = PBXBuildFile; fileRef = 4EF0006429DB891C004FAA6B /* TypeBoxTests.swift */; };
		4EF0006F29DB891C004FAA6B /* TypeBoxUITests.swift in Sources */ = {isa = PBXBuildFile; fileRef = 4EF0006E29DB891C004FAA6B /* TypeBoxUITests.swift */; };
		4EF0007129DB891C004FAA6B /* TypeBoxUITestsLaunchTests.swift in Sources */ = {isa = PBXBuildFile; fileRef = 4EF0007029DB891C004FAA6B /* TypeBoxUITestsLaunchTests.swift */; };
		4EF0007E29DB921B004FAA6B /* Info.plist in Resources */ = {isa = PBXBuildFile; fileRef = 4EF0007D29DB921B004FAA6B /* Info.plist */; };
/* End PBXBuildFile section */

/* Begin PBXContainerItemProxy section */
		4EF0006129DB891C004FAA6B /* PBXContainerItemProxy */ = {
			isa = PBXContainerItemProxy;
			containerPortal = 4EF0004729DB891A004FAA6B /* Project object */;
			proxyType = 1;
			remoteGlobalIDString = 4EF0004E29DB891A004FAA6B;
			remoteInfo = TypeBox;
		};
		4EF0006B29DB891C004FAA6B /* PBXContainerItemProxy */ = {
			isa = PBXContainerItemProxy;
			containerPortal = 4EF0004729DB891A004FAA6B /* Project object */;
			proxyType = 1;
			remoteGlobalIDString = 4EF0004E29DB891A004FAA6B;
			remoteInfo = TypeBox;
		};
/* End PBXContainerItemProxy section */

/* Begin PBXFileReference section */
		4E00964429DCA19F00362F92 /* DirectoriesList.swift */ = {isa = PBXFileReference; lastKnownFileType = sourcecode.swift; path = DirectoriesList.swift; sourceTree = "<group>"; };
		4E00964829DCD65700362F92 /* fontManager.swift */ = {isa = PBXFileReference; lastKnownFileType = sourcecode.swift; path = fontManager.swift; sourceTree = "<group>"; };
		4E00964C29DD2FBF00362F92 /* ClearDefaultsMenuItem.swift */ = {isa = PBXFileReference; lastKnownFileType = sourcecode.swift; path = ClearDefaultsMenuItem.swift; sourceTree = "<group>"; };
		4E00965029DD334900362F92 /* FontDirectoryHelper.swift */ = {isa = PBXFileReference; lastKnownFileType = sourcecode.swift; path = FontDirectoryHelper.swift; sourceTree = "<group>"; };
		4E00965429DD35F500362F92 /* SidebarView.swift */ = {isa = PBXFileReference; lastKnownFileType = sourcecode.swift; path = SidebarView.swift; sourceTree = "<group>"; };
		4E00965829DD382D00362F92 /* FontBox.swift */ = {isa = PBXFileReference; lastKnownFileType = sourcecode.swift; path = FontBox.swift; sourceTree = "<group>"; };
		4E00965C29DD392B00362F92 /* notifcationSender.swift */ = {isa = PBXFileReference; lastKnownFileType = sourcecode.swift; path = notifcationSender.swift; sourceTree = "<group>"; };
		4E00966029DD3B0A00362F92 /* Extensions.swift */ = {isa = PBXFileReference; lastKnownFileType = sourcecode.swift; path = Extensions.swift; sourceTree = "<group>"; };
		4E00966429DD406A00362F92 /* SidebarBindings.swift */ = {isa = PBXFileReference; lastKnownFileType = sourcecode.swift; path = SidebarBindings.swift; sourceTree = "<group>"; };
		4E00966829DD4FEC00362F92 /* configElements.swift */ = {isa = PBXFileReference; lastKnownFileType = sourcecode.swift; path = configElements.swift; sourceTree = "<group>"; };
		4E02DEDE29E2115200396369 /* FontListView.swift */ = {isa = PBXFileReference; lastKnownFileType = sourcecode.swift; path = FontListView.swift; sourceTree = "<group>"; };
		4EBAEB4729DEA5A3001491A6 /* TypeBox */ = {isa = PBXFileReference; lastKnownFileType = wrapper; path = TypeBox; sourceTree = "<group>"; };
		4EF0004F29DB891A004FAA6B /* TypeBox.app */ = {isa = PBXFileReference; explicitFileType = wrapper.application; includeInIndex = 0; path = TypeBox.app; sourceTree = BUILT_PRODUCTS_DIR; };
		4EF0005429DB891A004FAA6B /* ContentView.swift */ = {isa = PBXFileReference; lastKnownFileType = sourcecode.swift; path = ContentView.swift; sourceTree = "<group>"; };
		4EF0005629DB891B004FAA6B /* Assets.xcassets */ = {isa = PBXFileReference; lastKnownFileType = folder.assetcatalog; path = Assets.xcassets; sourceTree = "<group>"; };
		4EF0005929DB891B004FAA6B /* Preview Assets.xcassets */ = {isa = PBXFileReference; lastKnownFileType = folder.assetcatalog; path = "Preview Assets.xcassets"; sourceTree = "<group>"; };
		4EF0005B29DB891B004FAA6B /* TypeBox.entitlements */ = {isa = PBXFileReference; lastKnownFileType = text.plist.entitlements; path = TypeBox.entitlements; sourceTree = "<group>"; };
		4EF0006029DB891C004FAA6B /* TypeBoxTests.xctest */ = {isa = PBXFileReference; explicitFileType = wrapper.cfbundle; includeInIndex = 0; path = TypeBoxTests.xctest; sourceTree = BUILT_PRODUCTS_DIR; };
		4EF0006429DB891C004FAA6B /* TypeBoxTests.swift */ = {isa = PBXFileReference; lastKnownFileType = sourcecode.swift; path = TypeBoxTests.swift; sourceTree = "<group>"; };
		4EF0006A29DB891C004FAA6B /* TypeBoxUITests.xctest */ = {isa = PBXFileReference; explicitFileType = wrapper.cfbundle; includeInIndex = 0; path = TypeBoxUITests.xctest; sourceTree = BUILT_PRODUCTS_DIR; };
		4EF0006E29DB891C004FAA6B /* TypeBoxUITests.swift */ = {isa = PBXFileReference; lastKnownFileType = sourcecode.swift; path = TypeBoxUITests.swift; sourceTree = "<group>"; };
		4EF0007029DB891C004FAA6B /* TypeBoxUITestsLaunchTests.swift */ = {isa = PBXFileReference; lastKnownFileType = sourcecode.swift; path = TypeBoxUITestsLaunchTests.swift; sourceTree = "<group>"; };
		4EF0007D29DB921B004FAA6B /* Info.plist */ = {isa = PBXFileReference; lastKnownFileType = text.plist.xml; path = Info.plist; sourceTree = "<group>"; };
/* End PBXFileReference section */

/* Begin PBXFrameworksBuildPhase section */
		4EF0004C29DB891A004FAA6B /* Frameworks */ = {
			isa = PBXFrameworksBuildPhase;
			buildActionMask = 2147483647;
			files = (
			);
			runOnlyForDeploymentPostprocessing = 0;
		};
		4EF0005D29DB891C004FAA6B /* Frameworks */ = {
			isa = PBXFrameworksBuildPhase;
			buildActionMask = 2147483647;
			files = (
			);
			runOnlyForDeploymentPostprocessing = 0;
		};
		4EF0006729DB891C004FAA6B /* Frameworks */ = {
			isa = PBXFrameworksBuildPhase;
			buildActionMask = 2147483647;
			files = (
			);
			runOnlyForDeploymentPostprocessing = 0;
		};
/* End PBXFrameworksBuildPhase section */

/* Begin PBXGroup section */
		4EBAEB4629DEA5A3001491A6 /* Packages */ = {
			isa = PBXGroup;
			children = (
				4EBAEB4729DEA5A3001491A6 /* TypeBox */,
			);
			name = Packages;
			sourceTree = "<group>";
		};
		4EF0004629DB891A004FAA6B = {
			isa = PBXGroup;
			children = (
				4EBAEB4629DEA5A3001491A6 /* Packages */,
				4EF0005129DB891A004FAA6B /* TypeBox */,
				4EF0006329DB891C004FAA6B /* TypeBoxTests */,
				4EF0006D29DB891C004FAA6B /* TypeBoxUITests */,
				4EF0005029DB891A004FAA6B /* Products */,
			);
			sourceTree = "<group>";
		};
		4EF0005029DB891A004FAA6B /* Products */ = {
			isa = PBXGroup;
			children = (
				4EF0004F29DB891A004FAA6B /* TypeBox.app */,
				4EF0006029DB891C004FAA6B /* TypeBoxTests.xctest */,
				4EF0006A29DB891C004FAA6B /* TypeBoxUITests.xctest */,
			);
			name = Products;
			sourceTree = "<group>";
		};
		4EF0005129DB891A004FAA6B /* TypeBox */ = {
			isa = PBXGroup;
			children = (
				4E02DEDE29E2115200396369 /* FontListView.swift */,
				4EF0005429DB891A004FAA6B /* ContentView.swift */,
				4E00965829DD382D00362F92 /* FontBox.swift */,
				4E00965429DD35F500362F92 /* SidebarView.swift */,
				4E00964829DCD65700362F92 /* fontManager.swift */,
				4E00964429DCA19F00362F92 /* DirectoriesList.swift */,
				4E00964C29DD2FBF00362F92 /* ClearDefaultsMenuItem.swift */,
				4E00965029DD334900362F92 /* FontDirectoryHelper.swift */,
				4EF0005B29DB891B004FAA6B /* TypeBox.entitlements */,
				4EF0005629DB891B004FAA6B /* Assets.xcassets */,
				4E00965C29DD392B00362F92 /* notifcationSender.swift */,
				4EF0005829DB891B004FAA6B /* Preview Content */,
				4EF0007D29DB921B004FAA6B /* Info.plist */,
				4E00966029DD3B0A00362F92 /* Extensions.swift */,
				4E00966429DD406A00362F92 /* SidebarBindings.swift */,
				4E00966829DD4FEC00362F92 /* configElements.swift */,
			);
			path = TypeBox;
			sourceTree = "<group>";
		};
		4EF0005829DB891B004FAA6B /* Preview Content */ = {
			isa = PBXGroup;
			children = (
				4EF0005929DB891B004FAA6B /* Preview Assets.xcassets */,
			);
			path = "Preview Content";
			sourceTree = "<group>";
		};
		4EF0006329DB891C004FAA6B /* TypeBoxTests */ = {
			isa = PBXGroup;
			children = (
				4EF0006429DB891C004FAA6B /* TypeBoxTests.swift */,
			);
			path = TypeBoxTests;
			sourceTree = "<group>";
		};
		4EF0006D29DB891C004FAA6B /* TypeBoxUITests */ = {
			isa = PBXGroup;
			children = (
				4EF0006E29DB891C004FAA6B /* TypeBoxUITests.swift */,
				4EF0007029DB891C004FAA6B /* TypeBoxUITestsLaunchTests.swift */,
			);
			path = TypeBoxUITests;
			sourceTree = "<group>";
		};
/* End PBXGroup section */

/* Begin PBXNativeTarget section */
		4EF0004E29DB891A004FAA6B /* TypeBox */ = {
			isa = PBXNativeTarget;
			buildConfigurationList = 4EF0007429DB891C004FAA6B /* Build configuration list for PBXNativeTarget "TypeBox" */;
			buildPhases = (
				4EF0004B29DB891A004FAA6B /* Sources */,
				4EF0004C29DB891A004FAA6B /* Frameworks */,
				4EF0004D29DB891A004FAA6B /* Resources */,
			);
			buildRules = (
			);
			dependencies = (
			);
			name = TypeBox;
			productName = TypeBox;
			productReference = 4EF0004F29DB891A004FAA6B /* TypeBox.app */;
			productType = "com.apple.product-type.application";
		};
		4EF0005F29DB891C004FAA6B /* TypeBoxTests */ = {
			isa = PBXNativeTarget;
			buildConfigurationList = 4EF0007729DB891C004FAA6B /* Build configuration list for PBXNativeTarget "TypeBoxTests" */;
			buildPhases = (
				4EF0005C29DB891C004FAA6B /* Sources */,
				4EF0005D29DB891C004FAA6B /* Frameworks */,
				4EF0005E29DB891C004FAA6B /* Resources */,
			);
			buildRules = (
			);
			dependencies = (
				4EF0006229DB891C004FAA6B /* PBXTargetDependency */,
			);
			name = TypeBoxTests;
			productName = TypeBoxTests;
			productReference = 4EF0006029DB891C004FAA6B /* TypeBoxTests.xctest */;
			productType = "com.apple.product-type.bundle.unit-test";
		};
		4EF0006929DB891C004FAA6B /* TypeBoxUITests */ = {
			isa = PBXNativeTarget;
			buildConfigurationList = 4EF0007A29DB891C004FAA6B /* Build configuration list for PBXNativeTarget "TypeBoxUITests" */;
			buildPhases = (
				4EF0006629DB891C004FAA6B /* Sources */,
				4EF0006729DB891C004FAA6B /* Frameworks */,
				4EF0006829DB891C004FAA6B /* Resources */,
			);
			buildRules = (
			);
			dependencies = (
				4EF0006C29DB891C004FAA6B /* PBXTargetDependency */,
			);
			name = TypeBoxUITests;
			productName = TypeBoxUITests;
			productReference = 4EF0006A29DB891C004FAA6B /* TypeBoxUITests.xctest */;
			productType = "com.apple.product-type.bundle.ui-testing";
		};
/* End PBXNativeTarget section */

/* Begin PBXProject section */
		4EF0004729DB891A004FAA6B /* Project object */ = {
			isa = PBXProject;
			attributes = {
				BuildIndependentTargetsInParallel = 1;
				LastSwiftUpdateCheck = 1420;
				LastUpgradeCheck = 1430;
				TargetAttributes = {
					4EF0004E29DB891A004FAA6B = {
						CreatedOnToolsVersion = 14.2;
					};
					4EF0005F29DB891C004FAA6B = {
						CreatedOnToolsVersion = 14.2;
						TestTargetID = 4EF0004E29DB891A004FAA6B;
					};
					4EF0006929DB891C004FAA6B = {
						CreatedOnToolsVersion = 14.2;
						TestTargetID = 4EF0004E29DB891A004FAA6B;
					};
				};
			};
			buildConfigurationList = 4EF0004A29DB891A004FAA6B /* Build configuration list for PBXProject "TypeBox" */;
			compatibilityVersion = "Xcode 14.0";
			developmentRegion = en;
			hasScannedForEncodings = 0;
			knownRegions = (
				en,
				Base,
			);
			mainGroup = 4EF0004629DB891A004FAA6B;
			productRefGroup = 4EF0005029DB891A004FAA6B /* Products */;
			projectDirPath = "";
			projectRoot = "";
			targets = (
				4EF0004E29DB891A004FAA6B /* TypeBox */,
				4EF0005F29DB891C004FAA6B /* TypeBoxTests */,
				4EF0006929DB891C004FAA6B /* TypeBoxUITests */,
			);
		};
/* End PBXProject section */

/* Begin PBXResourcesBuildPhase section */
		4EF0004D29DB891A004FAA6B /* Resources */ = {
			isa = PBXResourcesBuildPhase;
			buildActionMask = 2147483647;
			files = (
				4EF0005A29DB891B004FAA6B /* Preview Assets.xcassets in Resources */,
				4EF0005729DB891B004FAA6B /* Assets.xcassets in Resources */,
				4EF0007E29DB921B004FAA6B /* Info.plist in Resources */,
			);
			runOnlyForDeploymentPostprocessing = 0;
		};
		4EF0005E29DB891C004FAA6B /* Resources */ = {
			isa = PBXResourcesBuildPhase;
			buildActionMask = 2147483647;
			files = (
			);
			runOnlyForDeploymentPostprocessing = 0;
		};
		4EF0006829DB891C004FAA6B /* Resources */ = {
			isa = PBXResourcesBuildPhase;
			buildActionMask = 2147483647;
			files = (
			);
			runOnlyForDeploymentPostprocessing = 0;
		};
/* End PBXResourcesBuildPhase section */

/* Begin PBXSourcesBuildPhase section */
		4EF0004B29DB891A004FAA6B /* Sources */ = {
			isa = PBXSourcesBuildPhase;
			buildActionMask = 2147483647;
			files = (
				4EF0005529DB891A004FAA6B /* ContentView.swift in Sources */,
				4E00965929DD382D00362F92 /* FontBox.swift in Sources */,
				4E00964929DCD65700362F92 /* fontManager.swift in Sources */,
				4E00964D29DD2FBF00362F92 /* ClearDefaultsMenuItem.swift in Sources */,
				4E00966129DD3B0A00362F92 /* Extensions.swift in Sources */,
				4E00966929DD4FEC00362F92 /* configElements.swift in Sources */,
				4E00966529DD406A00362F92 /* SidebarBindings.swift in Sources */,
				4E02DEDF29E2115200396369 /* FontListView.swift in Sources */,
				4E00965529DD35F500362F92 /* SidebarView.swift in Sources */,
				4E00965129DD334900362F92 /* FontDirectoryHelper.swift in Sources */,
				4E00964529DCA19F00362F92 /* DirectoriesList.swift in Sources */,
				4E00965D29DD392B00362F92 /* notifcationSender.swift in Sources */,
			);
			runOnlyForDeploymentPostprocessing = 0;
		};
		4EF0005C29DB891C004FAA6B /* Sources */ = {
			isa = PBXSourcesBuildPhase;
			buildActionMask = 2147483647;
			files = (
				4E00965229DD334900362F92 /* FontDirectoryHelper.swift in Sources */,
				4E00966629DD406A00362F92 /* SidebarBindings.swift in Sources */,
				4E00966A29DD4FEC00362F92 /* configElements.swift in Sources */,
				4E00964E29DD2FBF00362F92 /* ClearDefaultsMenuItem.swift in Sources */,
				4E00964A29DCD65700362F92 /* fontManager.swift in Sources */,
				4E00966229DD3B0A00362F92 /* Extensions.swift in Sources */,
				4E00965E29DD392B00362F92 /* notifcationSender.swift in Sources */,
				4E00965A29DD382D00362F92 /* FontBox.swift in Sources */,
				4E00965629DD35F500362F92 /* SidebarView.swift in Sources */,
				4EF0006529DB891C004FAA6B /* TypeBoxTests.swift in Sources */,
				4E02DEE029E2115200396369 /* FontListView.swift in Sources */,
			);
			runOnlyForDeploymentPostprocessing = 0;
		};
		4EF0006629DB891C004FAA6B /* Sources */ = {
			isa = PBXSourcesBuildPhase;
			buildActionMask = 2147483647;
			files = (
				4E00966729DD406A00362F92 /* SidebarBindings.swift in Sources */,
				4EF0007129DB891C004FAA6B /* TypeBoxUITestsLaunchTests.swift in Sources */,
				4E00966B29DD4FEC00362F92 /* configElements.swift in Sources */,
				4E00966329DD3B0A00362F92 /* Extensions.swift in Sources */,
				4E00965F29DD392B00362F92 /* notifcationSender.swift in Sources */,
				4E00965729DD35F500362F92 /* SidebarView.swift in Sources */,
				4E00965B29DD382D00362F92 /* FontBox.swift in Sources */,
				4E02DEE129E2115200396369 /* FontListView.swift in Sources */,
				4E00965329DD334900362F92 /* FontDirectoryHelper.swift in Sources */,
				4E00964F29DD2FBF00362F92 /* ClearDefaultsMenuItem.swift in Sources */,
				4EF0006F29DB891C004FAA6B /* TypeBoxUITests.swift in Sources */,
				4E00964B29DCD65700362F92 /* fontManager.swift in Sources */,
			);
			runOnlyForDeploymentPostprocessing = 0;
		};
/* End PBXSourcesBuildPhase section */

/* Begin PBXTargetDependency section */
		4EF0006229DB891C004FAA6B /* PBXTargetDependency */ = {
			isa = PBXTargetDependency;
			target = 4EF0004E29DB891A004FAA6B /* TypeBox */;
			targetProxy = 4EF0006129DB891C004FAA6B /* PBXContainerItemProxy */;
		};
		4EF0006C29DB891C004FAA6B /* PBXTargetDependency */ = {
			isa = PBXTargetDependency;
			target = 4EF0004E29DB891A004FAA6B /* TypeBox */;
			targetProxy = 4EF0006B29DB891C004FAA6B /* PBXContainerItemProxy */;
		};
/* End PBXTargetDependency section */

/* Begin XCBuildConfiguration section */
		4EF0007229DB891C004FAA6B /* Debug */ = {
			isa = XCBuildConfiguration;
			buildSettings = {
				ALWAYS_SEARCH_USER_PATHS = NO;
				CLANG_ANALYZER_NONNULL = YES;
				CLANG_ANALYZER_NUMBER_OBJECT_CONVERSION = YES_AGGRESSIVE;
				CLANG_CXX_LANGUAGE_STANDARD = "gnu++20";
				CLANG_ENABLE_MODULES = YES;
				CLANG_ENABLE_OBJC_ARC = YES;
				CLANG_ENABLE_OBJC_WEAK = YES;
				CLANG_WARN_BLOCK_CAPTURE_AUTORELEASING = YES;
				CLANG_WARN_BOOL_CONVERSION = YES;
				CLANG_WARN_COMMA = YES;
				CLANG_WARN_CONSTANT_CONVERSION = YES;
				CLANG_WARN_DEPRECATED_OBJC_IMPLEMENTATIONS = YES;
				CLANG_WARN_DIRECT_OBJC_ISA_USAGE = YES_ERROR;
				CLANG_WARN_DOCUMENTATION_COMMENTS = YES;
				CLANG_WARN_EMPTY_BODY = YES;
				CLANG_WARN_ENUM_CONVERSION = YES;
				CLANG_WARN_INFINITE_RECURSION = YES;
				CLANG_WARN_INT_CONVERSION = YES;
				CLANG_WARN_NON_LITERAL_NULL_CONVERSION = YES;
				CLANG_WARN_OBJC_IMPLICIT_RETAIN_SELF = YES;
				CLANG_WARN_OBJC_LITERAL_CONVERSION = YES;
				CLANG_WARN_OBJC_ROOT_CLASS = YES_ERROR;
				CLANG_WARN_QUOTED_INCLUDE_IN_FRAMEWORK_HEADER = YES;
				CLANG_WARN_RANGE_LOOP_ANALYSIS = YES;
				CLANG_WARN_STRICT_PROTOTYPES = YES;
				CLANG_WARN_SUSPICIOUS_MOVE = YES;
				CLANG_WARN_UNGUARDED_AVAILABILITY = YES_AGGRESSIVE;
				CLANG_WARN_UNREACHABLE_CODE = YES;
				CLANG_WARN__DUPLICATE_METHOD_MATCH = YES;
				COPY_PHASE_STRIP = NO;
				DEAD_CODE_STRIPPING = YES;
				DEBUG_INFORMATION_FORMAT = dwarf;
				ENABLE_STRICT_OBJC_MSGSEND = YES;
				ENABLE_TESTABILITY = YES;
				GCC_C_LANGUAGE_STANDARD = gnu11;
				GCC_DYNAMIC_NO_PIC = NO;
				GCC_NO_COMMON_BLOCKS = YES;
				GCC_OPTIMIZATION_LEVEL = 0;
				GCC_PREPROCESSOR_DEFINITIONS = (
					"DEBUG=1",
					"$(inherited)",
				);
				GCC_WARN_64_TO_32_BIT_CONVERSION = YES;
				GCC_WARN_ABOUT_RETURN_TYPE = YES_ERROR;
				GCC_WARN_UNDECLARED_SELECTOR = YES;
				GCC_WARN_UNINITIALIZED_AUTOS = YES_AGGRESSIVE;
				GCC_WARN_UNUSED_FUNCTION = YES;
				GCC_WARN_UNUSED_VARIABLE = YES;
				MACOSX_DEPLOYMENT_TARGET = 13.1;
				MTL_ENABLE_DEBUG_INFO = INCLUDE_SOURCE;
				MTL_FAST_MATH = YES;
				ONLY_ACTIVE_ARCH = YES;
				SDKROOT = macosx;
				SWIFT_ACTIVE_COMPILATION_CONDITIONS = DEBUG;
				SWIFT_OPTIMIZATION_LEVEL = "-Onone";
			};
			name = Debug;
		};
		4EF0007329DB891C004FAA6B /* Release */ = {
			isa = XCBuildConfiguration;
			buildSettings = {
				ALWAYS_SEARCH_USER_PATHS = NO;
				CLANG_ANALYZER_NONNULL = YES;
				CLANG_ANALYZER_NUMBER_OBJECT_CONVERSION = YES_AGGRESSIVE;
				CLANG_CXX_LANGUAGE_STANDARD = "gnu++20";
				CLANG_ENABLE_MODULES = YES;
				CLANG_ENABLE_OBJC_ARC = YES;
				CLANG_ENABLE_OBJC_WEAK = YES;
				CLANG_WARN_BLOCK_CAPTURE_AUTORELEASING = YES;
				CLANG_WARN_BOOL_CONVERSION = YES;
				CLANG_WARN_COMMA = YES;
				CLANG_WARN_CONSTANT_CONVERSION = YES;
				CLANG_WARN_DEPRECATED_OBJC_IMPLEMENTATIONS = YES;
				CLANG_WARN_DIRECT_OBJC_ISA_USAGE = YES_ERROR;
				CLANG_WARN_DOCUMENTATION_COMMENTS = YES;
				CLANG_WARN_EMPTY_BODY = YES;
				CLANG_WARN_ENUM_CONVERSION = YES;
				CLANG_WARN_INFINITE_RECURSION = YES;
				CLANG_WARN_INT_CONVERSION = YES;
				CLANG_WARN_NON_LITERAL_NULL_CONVERSION = YES;
				CLANG_WARN_OBJC_IMPLICIT_RETAIN_SELF = YES;
				CLANG_WARN_OBJC_LITERAL_CONVERSION = YES;
				CLANG_WARN_OBJC_ROOT_CLASS = YES_ERROR;
				CLANG_WARN_QUOTED_INCLUDE_IN_FRAMEWORK_HEADER = YES;
				CLANG_WARN_RANGE_LOOP_ANALYSIS = YES;
				CLANG_WARN_STRICT_PROTOTYPES = YES;
				CLANG_WARN_SUSPICIOUS_MOVE = YES;
				CLANG_WARN_UNGUARDED_AVAILABILITY = YES_AGGRESSIVE;
				CLANG_WARN_UNREACHABLE_CODE = YES;
				CLANG_WARN__DUPLICATE_METHOD_MATCH = YES;
				COPY_PHASE_STRIP = NO;
				DEAD_CODE_STRIPPING = YES;
				DEBUG_INFORMATION_FORMAT = "dwarf-with-dsym";
				ENABLE_NS_ASSERTIONS = NO;
				ENABLE_STRICT_OBJC_MSGSEND = YES;
				GCC_C_LANGUAGE_STANDARD = gnu11;
				GCC_NO_COMMON_BLOCKS = YES;
				GCC_WARN_64_TO_32_BIT_CONVERSION = YES;
				GCC_WARN_ABOUT_RETURN_TYPE = YES_ERROR;
				GCC_WARN_UNDECLARED_SELECTOR = YES;
				GCC_WARN_UNINITIALIZED_AUTOS = YES_AGGRESSIVE;
				GCC_WARN_UNUSED_FUNCTION = YES;
				GCC_WARN_UNUSED_VARIABLE = YES;
				MACOSX_DEPLOYMENT_TARGET = 13.1;
				MTL_ENABLE_DEBUG_INFO = NO;
				MTL_FAST_MATH = YES;
				SDKROOT = macosx;
				SWIFT_COMPILATION_MODE = wholemodule;
				SWIFT_OPTIMIZATION_LEVEL = "-O";
			};
			name = Release;
		};
		4EF0007529DB891C004FAA6B /* Debug */ = {
			isa = XCBuildConfiguration;
			buildSettings = {
				ASSETCATALOG_COMPILER_APPICON_NAME = AppIcon;
				ASSETCATALOG_COMPILER_GLOBAL_ACCENT_COLOR_NAME = AccentColor;
				CODE_SIGN_ENTITLEMENTS = TypeBox/TypeBox.entitlements;
				CODE_SIGN_STYLE = Automatic;
				COMBINE_HIDPI_IMAGES = YES;
				CURRENT_PROJECT_VERSION = 1;
				DEAD_CODE_STRIPPING = YES;
				DEVELOPMENT_ASSET_PATHS = "\"TypeBox/Preview Content\"";
				DEVELOPMENT_TEAM = RMGFJG2L5L;
				ENABLE_HARDENED_RUNTIME = YES;
				ENABLE_PREVIEWS = YES;
				GENERATE_INFOPLIST_FILE = YES;
				INFOPLIST_KEY_NSHumanReadableCopyright = "";
				LD_RUNPATH_SEARCH_PATHS = (
					"$(inherited)",
					"@executable_path/../Frameworks",
				);
				MARKETING_VERSION = 1.0;
				PRODUCT_BUNDLE_IDENTIFIER = design.goatmeal.TypeBox;
				PRODUCT_NAME = "$(TARGET_NAME)";
				SWIFT_EMIT_LOC_STRINGS = YES;
				SWIFT_VERSION = 5.0;
			};
			name = Debug;
		};
		4EF0007629DB891C004FAA6B /* Release */ = {
			isa = XCBuildConfiguration;
			buildSettings = {
				ASSETCATALOG_COMPILER_APPICON_NAME = AppIcon;
				ASSETCATALOG_COMPILER_GLOBAL_ACCENT_COLOR_NAME = AccentColor;
				CODE_SIGN_ENTITLEMENTS = TypeBox/TypeBox.entitlements;
				CODE_SIGN_STYLE = Automatic;
				COMBINE_HIDPI_IMAGES = YES;
				CURRENT_PROJECT_VERSION = 1;
				DEAD_CODE_STRIPPING = YES;
				DEVELOPMENT_ASSET_PATHS = "\"TypeBox/Preview Content\"";
				DEVELOPMENT_TEAM = RMGFJG2L5L;
				ENABLE_HARDENED_RUNTIME = YES;
				ENABLE_PREVIEWS = YES;
				GENERATE_INFOPLIST_FILE = YES;
				INFOPLIST_KEY_NSHumanReadableCopyright = "";
				LD_RUNPATH_SEARCH_PATHS = (
					"$(inherited)",
					"@executable_path/../Frameworks",
				);
				MARKETING_VERSION = 1.0;
				PRODUCT_BUNDLE_IDENTIFIER = design.goatmeal.TypeBox;
				PRODUCT_NAME = "$(TARGET_NAME)";
				SWIFT_EMIT_LOC_STRINGS = YES;
				SWIFT_VERSION = 5.0;
			};
			name = Release;
		};
		4EF0007829DB891C004FAA6B /* Debug */ = {
			isa = XCBuildConfiguration;
			buildSettings = {
				ALWAYS_EMBED_SWIFT_STANDARD_LIBRARIES = YES;
				BUNDLE_LOADER = "$(TEST_HOST)";
				CODE_SIGN_STYLE = Automatic;
				CURRENT_PROJECT_VERSION = 1;
				DEAD_CODE_STRIPPING = YES;
				DEVELOPMENT_TEAM = RMGFJG2L5L;
				GENERATE_INFOPLIST_FILE = YES;
				MACOSX_DEPLOYMENT_TARGET = 13.1;
				MARKETING_VERSION = 1.0;
				PRODUCT_BUNDLE_IDENTIFIER = design.goatmeal.TypeBoxTests;
				PRODUCT_NAME = "$(TARGET_NAME)";
				SWIFT_EMIT_LOC_STRINGS = NO;
				SWIFT_VERSION = 5.0;
				TEST_HOST = "$(BUILT_PRODUCTS_DIR)/TypeBox.app/$(BUNDLE_EXECUTABLE_FOLDER_PATH)/TypeBox";
			};
			name = Debug;
		};
		4EF0007929DB891C004FAA6B /* Release */ = {
			isa = XCBuildConfiguration;
			buildSettings = {
				ALWAYS_EMBED_SWIFT_STANDARD_LIBRARIES = YES;
				BUNDLE_LOADER = "$(TEST_HOST)";
				CODE_SIGN_STYLE = Automatic;
				CURRENT_PROJECT_VERSION = 1;
				DEAD_CODE_STRIPPING = YES;
				DEVELOPMENT_TEAM = RMGFJG2L5L;
				GENERATE_INFOPLIST_FILE = YES;
				MACOSX_DEPLOYMENT_TARGET = 13.1;
				MARKETING_VERSION = 1.0;
				PRODUCT_BUNDLE_IDENTIFIER = design.goatmeal.TypeBoxTests;
				PRODUCT_NAME = "$(TARGET_NAME)";
				SWIFT_EMIT_LOC_STRINGS = NO;
				SWIFT_VERSION = 5.0;
				TEST_HOST = "$(BUILT_PRODUCTS_DIR)/TypeBox.app/$(BUNDLE_EXECUTABLE_FOLDER_PATH)/TypeBox";
			};
			name = Release;
		};
		4EF0007B29DB891C004FAA6B /* Debug */ = {
			isa = XCBuildConfiguration;
			buildSettings = {
				ALWAYS_EMBED_SWIFT_STANDARD_LIBRARIES = YES;
				CODE_SIGN_STYLE = Automatic;
				CURRENT_PROJECT_VERSION = 1;
				DEAD_CODE_STRIPPING = YES;
				DEVELOPMENT_TEAM = RMGFJG2L5L;
				GENERATE_INFOPLIST_FILE = YES;
				MARKETING_VERSION = 1.0;
				PRODUCT_BUNDLE_IDENTIFIER = design.goatmeal.TypeBoxUITests;
				PRODUCT_NAME = "$(TARGET_NAME)";
				SWIFT_EMIT_LOC_STRINGS = NO;
				SWIFT_VERSION = 5.0;
				TEST_TARGET_NAME = TypeBox;
			};
			name = Debug;
		};
		4EF0007C29DB891C004FAA6B /* Release */ = {
			isa = XCBuildConfiguration;
			buildSettings = {
				ALWAYS_EMBED_SWIFT_STANDARD_LIBRARIES = YES;
				CODE_SIGN_STYLE = Automatic;
				CURRENT_PROJECT_VERSION = 1;
				DEAD_CODE_STRIPPING = YES;
				DEVELOPMENT_TEAM = RMGFJG2L5L;
				GENERATE_INFOPLIST_FILE = YES;
				MARKETING_VERSION = 1.0;
				PRODUCT_BUNDLE_IDENTIFIER = design.goatmeal.TypeBoxUITests;
				PRODUCT_NAME = "$(TARGET_NAME)";
				SWIFT_EMIT_LOC_STRINGS = NO;
				SWIFT_VERSION = 5.0;
				TEST_TARGET_NAME = TypeBox;
			};
			name = Release;
		};
/* End XCBuildConfiguration section */

/* Begin XCConfigurationList section */
		4EF0004A29DB891A004FAA6B /* Build configuration list for PBXProject "TypeBox" */ = {
			isa = XCConfigurationList;
			buildConfigurations = (
				4EF0007229DB891C004FAA6B /* Debug */,
				4EF0007329DB891C004FAA6B /* Release */,
			);
			defaultConfigurationIsVisible = 0;
			defaultConfigurationName = Release;
		};
		4EF0007429DB891C004FAA6B /* Build configuration list for PBXNativeTarget "TypeBox" */ = {
			isa = XCConfigurationList;
			buildConfigurations = (
				4EF0007529DB891C004FAA6B /* Debug */,
				4EF0007629DB891C004FAA6B /* Release */,
			);
			defaultConfigurationIsVisible = 0;
			defaultConfigurationName = Release;
		};
		4EF0007729DB891C004FAA6B /* Build configuration list for PBXNativeTarget "TypeBoxTests" */ = {
			isa = XCConfigurationList;
			buildConfigurations = (
				4EF0007829DB891C004FAA6B /* Debug */,
				4EF0007929DB891C004FAA6B /* Release */,
			);
			defaultConfigurationIsVisible = 0;
			defaultConfigurationName = Release;
		};
		4EF0007A29DB891C004FAA6B /* Build configuration list for PBXNativeTarget "TypeBoxUITests" */ = {
			isa = XCConfigurationList;
			buildConfigurations = (
				4EF0007B29DB891C004FAA6B /* Debug */,
				4EF0007C29DB891C004FAA6B /* Release */,
			);
			defaultConfigurationIsVisible = 0;
			defaultConfigurationName = Release;
		};
/* End XCConfigurationList section */
	};
	rootObject = 4EF0004729DB891A004FAA6B /* Project object */;
}
